
Microsoft Visual Studio Solution File, Format Version 12.00
# Visual Studio Version 17
VisualStudioVersion = 17.11.35312.102
MinimumVisualStudioVersion = 10.0.40219.1
Project("{FAE04EC0-301F-11D3-BF4B-00C04F79EFBC}") = "MonteCarlo.NET", "MonteCarlo.NET\MonteCarlo.NET.csproj", "{331A9165-3ACD-401F-BA70-CD1436369E1C}"
EndProject
Project("{FAE04EC0-301F-11D3-BF4B-00C04F79EFBC}") = "TestyMonteCarlo", "TestyMonteCarlo\TestyMonteCarlo.csproj", "{17FE53DD-B7FB-4611-AEBA-7BB8FB94208B}"
EndProject
Global
	GlobalSection(SolutionConfigurationPlatforms) = preSolution
		Debug|Any CPU = Debug|Any CPU
		Release|Any CPU = Release|Any CPU
	EndGlobalSection
	GlobalSection(ProjectConfigurationPlatforms) = postSolution
		{331A9165-3ACD-401F-BA70-CD1436369E1C}.Debug|Any CPU.ActiveCfg = Debug|Any CPU
		{331A9165-3ACD-401F-BA70-CD1436369E1C}.Debug|Any CPU.Build.0 = Debug|Any CPU
		{331A9165-3ACD-401F-BA70-CD1436369E1C}.Release|Any CPU.ActiveCfg = Release|Any CPU
		{331A9165-3ACD-401F-BA70-CD1436369E1C}.Release|Any CPU.Build.0 = Release|Any CPU
		{17FE53DD-B7FB-4611-AEBA-7BB8FB94208B}.Debug|Any CPU.ActiveCfg = Debug|Any CPU
		{17FE53DD-B7FB-4611-AEBA-7BB8FB94208B}.Debug|Any CPU.Build.0 = Debug|Any CPU
		{17FE53DD-B7FB-4611-AEBA-7BB8FB94208B}.Release|Any CPU.ActiveCfg = Release|Any CPU
		{17FE53DD-B7FB-4611-AEBA-7BB8FB94208B}.Release|Any CPU.Build.0 = Release|Any CPU
	EndGlobalSection
	GlobalSection(SolutionProperties) = preSolution
		HideSolutionNode = FALSE
	EndGlobalSection
	GlobalSection(ExtensibilityGlobals) = postSolution
		SolutionGuid = {DF5BFF9B-547E-4C29-8075-87D201CD0E79}
	EndGlobalSection
EndGlobal
